
Microsoft Visual Studio Solution File, Format Version 12.00
# Visual Studio Version 17
VisualStudioVersion = 17.9.34622.214
MinimumVisualStudioVersion = 10.0.40219.1
Project("{FAE04EC0-301F-11D3-BF4B-00C04F79EFBC}") = "hegyekCLI", "hegyekCLI\hegyekCLI.csproj", "{1E2976BA-B6DB-4DAC-8BFC-BF2D74F4B8A4}"
EndProject
Project("{FAE04EC0-301F-11D3-BF4B-00C04F79EFBC}") = "hegyekCLITests", "hegyekCLITests\hegyekCLITests.csproj", "{7764AA7F-A457-4284-B85F-33574E0CB7F1}"
EndProject
Project("{2150E333-8FDC-42A3-9474-1A3956D46DE8}") = "Solution Items", "Solution Items", "{D5B75F73-8DE4-4E63-8D5B-817C0F92F84C}"
	ProjectSection(SolutionItems) = preProject
		.gitignore = .gitignore
	EndProjectSection
EndProject
Global
	GlobalSection(SolutionConfigurationPlatforms) = preSolution
		Debug|Any CPU = Debug|Any CPU
		Release|Any CPU = Release|Any CPU
	EndGlobalSection
	GlobalSection(ProjectConfigurationPlatforms) = postSolution
		{1E2976BA-B6DB-4DAC-8BFC-BF2D74F4B8A4}.Debug|Any CPU.ActiveCfg = Debug|Any CPU
		{1E2976BA-B6DB-4DAC-8BFC-BF2D74F4B8A4}.Debug|Any CPU.Build.0 = Debug|Any CPU
		{1E2976BA-B6DB-4DAC-8BFC-BF2D74F4B8A4}.Release|Any CPU.ActiveCfg = Release|Any CPU
		{1E2976BA-B6DB-4DAC-8BFC-BF2D74F4B8A4}.Release|Any CPU.Build.0 = Release|Any CPU
		{7764AA7F-A457-4284-B85F-33574E0CB7F1}.Debug|Any CPU.ActiveCfg = Debug|Any CPU
		{7764AA7F-A457-4284-B85F-33574E0CB7F1}.Debug|Any CPU.Build.0 = Debug|Any CPU
		{7764AA7F-A457-4284-B85F-33574E0CB7F1}.Release|Any CPU.ActiveCfg = Release|Any CPU
		{7764AA7F-A457-4284-B85F-33574E0CB7F1}.Release|Any CPU.Build.0 = Release|Any CPU
	EndGlobalSection
	GlobalSection(SolutionProperties) = preSolution
		HideSolutionNode = FALSE
	EndGlobalSection
	GlobalSection(ExtensibilityGlobals) = postSolution
		SolutionGuid = {AC90ECC2-874D-4937-A176-00098F8ACF32}
	EndGlobalSection
EndGlobal
